
Microsoft Visual Studio Solution File, Format Version 12.00
# Visual Studio Version 16
VisualStudioVersion = 16.0.31410.357
MinimumVisualStudioVersion = 10.0.40219.1
Project("{FAE04EC0-301F-11D3-BF4B-00C04F79EFBC}") = "create-cpp-project", "create-cpp-project.csproj", "{9E6F4476-0CFA-48F1-8BFB-9A5A99F2B6F4}"
EndProject
Global
	GlobalSection(SolutionConfigurationPlatforms) = preSolution
		Debug|Any CPU = Debug|Any CPU
		Release|Any CPU = Release|Any CPU
	EndGlobalSection
	GlobalSection(ProjectConfigurationPlatforms) = postSolution
		{9E6F4476-0CFA-48F1-8BFB-9A5A99F2B6F4}.Debug|Any CPU.ActiveCfg = Debug|Any CPU
		{9E6F4476-0CFA-48F1-8BFB-9A5A99F2B6F4}.Debug|Any CPU.Build.0 = Debug|Any CPU
		{9E6F4476-0CFA-48F1-8BFB-9A5A99F2B6F4}.Release|Any CPU.ActiveCfg = Release|Any CPU
		{9E6F4476-0CFA-48F1-8BFB-9A5A99F2B6F4}.Release|Any CPU.Build.0 = Release|Any CPU
	EndGlobalSection
	GlobalSection(SolutionProperties) = preSolution
		HideSolutionNode = FALSE
	EndGlobalSection
	GlobalSection(ExtensibilityGlobals) = postSolution
		SolutionGuid = {8AB37F9E-EF3F-4F27-9D3A-C0620580E8AE}
	EndGlobalSection
EndGlobal
